
Microsoft Visual Studio Solution File, Format Version 12.00
# Visual Studio 15
VisualStudioVersion = 15.0.26730.12
MinimumVisualStudioVersion = 10.0.40219.1
Project("{9A19103F-16F7-4668-BE54-9A1E7A4F7556}") = "CUSTIS.I18N.netstandard", "CUSTIS.I18N\CUSTIS.I18N\CUSTIS.I18N.netstandard.csproj", "{AC808E72-95BE-4241-A1BA-8CD233884C75}"
EndProject
Project("{9A19103F-16F7-4668-BE54-9A1E7A4F7556}") = "CUSTIS.I18N.SampleDomainModel.DAL.NH", "CUSTIS.I18N.SampleDomainModel.DAL.NH\CUSTIS.I18N.SampleDomainModel.DAL.NH.csproj", "{1EDE48FF-4CD1-4540-86F4-F943928C90FF}"
EndProject
Project("{9A19103F-16F7-4668-BE54-9A1E7A4F7556}") = "CUSTIS.I18N.SampleDomainModel.Tests.NH", "CUSTIS.I18N.SampleDomainModel.Tests.NH\CUSTIS.I18N.SampleDomainModel.Tests.NH.csproj", "{40E023E3-8E02-422E-B0D7-767FDFB5A739}"
	ProjectSection(ProjectDependencies) = postProject
		{AC808E72-95BE-4241-A1BA-8CD233884C75} = {AC808E72-95BE-4241-A1BA-8CD233884C75}
		{22B57073-A6F9-4357-B5C3-B0B5A309EC72} = {22B57073-A6F9-4357-B5C3-B0B5A309EC72}
		{163AA69B-FDAF-4899-BFB7-B6FB021D6F53} = {163AA69B-FDAF-4899-BFB7-B6FB021D6F53}
		{1EDE48FF-4CD1-4540-86F4-F943928C90FF} = {1EDE48FF-4CD1-4540-86F4-F943928C90FF}
	EndProjectSection
EndProject
Project("{2150E333-8FDC-42A3-9474-1A3956D46DE8}") = "Solution Items", "Solution Items", "{7B1C5109-8DD5-4406-9340-12D3F092E7B1}"
	ProjectSection(SolutionItems) = preProject
		CodeMap.dgml = CodeMap.dgml
		ProductInfo.cs = ProductInfo.cs
		README.md = README.md
	EndProjectSection
EndProject
Project("{9A19103F-16F7-4668-BE54-9A1E7A4F7556}") = "CUSTIS.I18N.DAL.NH", "CUSTIS.I18N.DAL.NH\CUSTIS.I18N.DAL.NH.csproj", "{163AA69B-FDAF-4899-BFB7-B6FB021D6F53}"
EndProject
Project("{9A19103F-16F7-4668-BE54-9A1E7A4F7556}") = "CUSTIS.I18N.DAL.EF", "CUSTIS.I18N.DAL.EF\CUSTIS.I18N.DAL.EF.csproj", "{A3B25B10-0244-4AFB-BD3A-47B14C866ABF}"
EndProject
Project("{9A19103F-16F7-4668-BE54-9A1E7A4F7556}") = "CUSTIS.I18N.SampleDomainModel.DAL.EF", "CUSTIS.I18N.SampleDomainModel.DAL.EF\CUSTIS.I18N.SampleDomainModel.DAL.EF.csproj", "{7D4C6E6D-BC69-40CD-AF03-6D9EEF8CDFB5}"
EndProject
Project("{9A19103F-16F7-4668-BE54-9A1E7A4F7556}") = "CUSTIS.I18N.SampleDomainModel", "CUSTIS.I18N.SampleDomainModel\CUSTIS.I18N.SampleDomainModel.csproj", "{22B57073-A6F9-4357-B5C3-B0B5A309EC72}"
EndProject
Project("{9A19103F-16F7-4668-BE54-9A1E7A4F7556}") = "CUSTIS.I18N.SampleDomainModel.DAL.Tests", "CUSTIS.I18N.SampleDomainModel.Tests\CUSTIS.I18N.SampleDomainModel.DAL.Tests.csproj", "{14CFE318-FC1D-444F-9CB5-4779059758CD}"
EndProject
Project("{9A19103F-16F7-4668-BE54-9A1E7A4F7556}") = "CUSTIS.I18N.SampleDomainModel.Tests.EF", "CUSTIS.I18N.SampleDomainModel.Tests.EF\CUSTIS.I18N.SampleDomainModel.Tests.EF.csproj", "{2D6C0B9D-80D1-40E1-ABBB-7F1EBC9B45E0}"
EndProject
Project("{9A19103F-16F7-4668-BE54-9A1E7A4F7556}") = "CUSTIS.I18N.DAL", "CUSTIS.I18N.DAL\CUSTIS.I18N.DAL.csproj", "{A1921AC8-B945-4A6A-A954-E26B017083E7}"
EndProject
Global
	GlobalSection(SolutionConfigurationPlatforms) = preSolution
		Debug|Any CPU = Debug|Any CPU
		Release|Any CPU = Release|Any CPU
	EndGlobalSection
	GlobalSection(ProjectConfigurationPlatforms) = postSolution
		{AC808E72-95BE-4241-A1BA-8CD233884C75}.Debug|Any CPU.ActiveCfg = Debug|Any CPU
		{AC808E72-95BE-4241-A1BA-8CD233884C75}.Debug|Any CPU.Build.0 = Debug|Any CPU
		{AC808E72-95BE-4241-A1BA-8CD233884C75}.Release|Any CPU.ActiveCfg = Release|Any CPU
		{AC808E72-95BE-4241-A1BA-8CD233884C75}.Release|Any CPU.Build.0 = Release|Any CPU
		{1EDE48FF-4CD1-4540-86F4-F943928C90FF}.Debug|Any CPU.ActiveCfg = Debug|Any CPU
		{1EDE48FF-4CD1-4540-86F4-F943928C90FF}.Debug|Any CPU.Build.0 = Debug|Any CPU
		{1EDE48FF-4CD1-4540-86F4-F943928C90FF}.Release|Any CPU.ActiveCfg = Release|Any CPU
		{1EDE48FF-4CD1-4540-86F4-F943928C90FF}.Release|Any CPU.Build.0 = Release|Any CPU
		{40E023E3-8E02-422E-B0D7-767FDFB5A739}.Debug|Any CPU.ActiveCfg = Debug|Any CPU
		{40E023E3-8E02-422E-B0D7-767FDFB5A739}.Debug|Any CPU.Build.0 = Debug|Any CPU
		{40E023E3-8E02-422E-B0D7-767FDFB5A739}.Release|Any CPU.ActiveCfg = Release|Any CPU
		{40E023E3-8E02-422E-B0D7-767FDFB5A739}.Release|Any CPU.Build.0 = Release|Any CPU
		{163AA69B-FDAF-4899-BFB7-B6FB021D6F53}.Debug|Any CPU.ActiveCfg = Debug|Any CPU
		{163AA69B-FDAF-4899-BFB7-B6FB021D6F53}.Debug|Any CPU.Build.0 = Debug|Any CPU
		{163AA69B-FDAF-4899-BFB7-B6FB021D6F53}.Release|Any CPU.ActiveCfg = Release|Any CPU
		{163AA69B-FDAF-4899-BFB7-B6FB021D6F53}.Release|Any CPU.Build.0 = Release|Any CPU
		{A3B25B10-0244-4AFB-BD3A-47B14C866ABF}.Debug|Any CPU.ActiveCfg = Debug|Any CPU
		{A3B25B10-0244-4AFB-BD3A-47B14C866ABF}.Debug|Any CPU.Build.0 = Debug|Any CPU
		{A3B25B10-0244-4AFB-BD3A-47B14C866ABF}.Release|Any CPU.ActiveCfg = Release|Any CPU
		{A3B25B10-0244-4AFB-BD3A-47B14C866ABF}.Release|Any CPU.Build.0 = Release|Any CPU
		{7D4C6E6D-BC69-40CD-AF03-6D9EEF8CDFB5}.Debug|Any CPU.ActiveCfg = Debug|Any CPU
		{7D4C6E6D-BC69-40CD-AF03-6D9EEF8CDFB5}.Debug|Any CPU.Build.0 = Debug|Any CPU
		{7D4C6E6D-BC69-40CD-AF03-6D9EEF8CDFB5}.Release|Any CPU.ActiveCfg = Release|Any CPU
		{7D4C6E6D-BC69-40CD-AF03-6D9EEF8CDFB5}.Release|Any CPU.Build.0 = Release|Any CPU
		{22B57073-A6F9-4357-B5C3-B0B5A309EC72}.Debug|Any CPU.ActiveCfg = Debug|Any CPU
		{22B57073-A6F9-4357-B5C3-B0B5A309EC72}.Debug|Any CPU.Build.0 = Debug|Any CPU
		{22B57073-A6F9-4357-B5C3-B0B5A309EC72}.Release|Any CPU.ActiveCfg = Release|Any CPU
		{22B57073-A6F9-4357-B5C3-B0B5A309EC72}.Release|Any CPU.Build.0 = Release|Any CPU
		{14CFE318-FC1D-444F-9CB5-4779059758CD}.Debug|Any CPU.ActiveCfg = Debug|Any CPU
		{14CFE318-FC1D-444F-9CB5-4779059758CD}.Debug|Any CPU.Build.0 = Debug|Any CPU
		{14CFE318-FC1D-444F-9CB5-4779059758CD}.Release|Any CPU.ActiveCfg = Release|Any CPU
		{14CFE318-FC1D-444F-9CB5-4779059758CD}.Release|Any CPU.Build.0 = Release|Any CPU
		{2D6C0B9D-80D1-40E1-ABBB-7F1EBC9B45E0}.Debug|Any CPU.ActiveCfg = Debug|Any CPU
		{2D6C0B9D-80D1-40E1-ABBB-7F1EBC9B45E0}.Debug|Any CPU.Build.0 = Debug|Any CPU
		{2D6C0B9D-80D1-40E1-ABBB-7F1EBC9B45E0}.Release|Any CPU.ActiveCfg = Release|Any CPU
		{2D6C0B9D-80D1-40E1-ABBB-7F1EBC9B45E0}.Release|Any CPU.Build.0 = Release|Any CPU
		{A1921AC8-B945-4A6A-A954-E26B017083E7}.Debug|Any CPU.ActiveCfg = Debug|Any CPU
		{A1921AC8-B945-4A6A-A954-E26B017083E7}.Debug|Any CPU.Build.0 = Debug|Any CPU
		{A1921AC8-B945-4A6A-A954-E26B017083E7}.Release|Any CPU.ActiveCfg = Release|Any CPU
		{A1921AC8-B945-4A6A-A954-E26B017083E7}.Release|Any CPU.Build.0 = Release|Any CPU
	EndGlobalSection
	GlobalSection(SolutionProperties) = preSolution
		HideSolutionNode = FALSE
	EndGlobalSection
	GlobalSection(ExtensibilityGlobals) = postSolution
		SolutionGuid = {80D95E44-820D-481B-ACC3-CD7DFFAA3B00}
	EndGlobalSection
EndGlobal
